// !$*UTF8*$!
{
	archiveVersion = 1;
	classes = {
	};
	objectVersion = 46;
	objects = {

/* Begin PBXBuildFile section */
		35583A2D151A5661001A338C /* Cocoa.framework in Frameworks */ = {isa = PBXBuildFile; fileRef = 35583A2C151A5661001A338C /* Cocoa.framework */; };
		35583A37151A5661001A338C /* InfoPlist.strings in Resources */ = {isa = PBXBuildFile; fileRef = 35583A35151A5661001A338C /* InfoPlist.strings */; };
		35583A39151A5661001A338C /* main.m in Sources */ = {isa = PBXBuildFile; fileRef = 35583A38151A5661001A338C /* main.m */; };
		35583A3D151A5661001A338C /* Credits.rtf in Resources */ = {isa = PBXBuildFile; fileRef = 35583A3B151A5661001A338C /* Credits.rtf */; };
		35583A40151A5661001A338C /* CLAppDelegate.m in Sources */ = {isa = PBXBuildFile; fileRef = 35583A3F151A5661001A338C /* CLAppDelegate.m */; };
		35583A43151A5661001A338C /* MainMenu.xib in Resources */ = {isa = PBXBuildFile; fileRef = 35583A41151A5661001A338C /* MainMenu.xib */; };
		35583A4B151A56B8001A338C /* CLImageView.m in Sources */ = {isa = PBXBuildFile; fileRef = 35583A4A151A56B8001A338C /* CLImageView.m */; };
		35583A4D151A5780001A338C /* robot.jpg in Resources */ = {isa = PBXBuildFile; fileRef = 35583A4C151A5780001A338C /* robot.jpg */; };
		35583A50151A5E69001A338C /* CLScreenCapture.m in Sources */ = {isa = PBXBuildFile; fileRef = 35583A4F151A5E69001A338C /* CLScreenCapture.m */; };
/* End PBXBuildFile section */

/* Begin PBXFileReference section */
		35583A28151A5661001A338C /* jamtard.app */ = {isa = PBXFileReference; explicitFileType = wrapper.application; includeInIndex = 0; path = jamtard.app; sourceTree = BUILT_PRODUCTS_DIR; };
		35583A2C151A5661001A338C /* Cocoa.framework */ = {isa = PBXFileReference; lastKnownFileType = wrapper.framework; name = Cocoa.framework; path = System/Library/Frameworks/Cocoa.framework; sourceTree = SDKROOT; };
		35583A2F151A5661001A338C /* AppKit.framework */ = {isa = PBXFileReference; lastKnownFileType = wrapper.framework; name = AppKit.framework; path = System/Library/Frameworks/AppKit.framework; sourceTree = SDKROOT; };
		35583A30151A5661001A338C /* CoreData.framework */ = {isa = PBXFileReference; lastKnownFileType = wrapper.framework; name = CoreData.framework; path = System/Library/Frameworks/CoreData.framework; sourceTree = SDKROOT; };
		35583A31151A5661001A338C /* Foundation.framework */ = {isa = PBXFileReference; lastKnownFileType = wrapper.framework; name = Foundation.framework; path = System/Library/Frameworks/Foundation.framework; sourceTree = SDKROOT; };
		35583A34151A5661001A338C /* jamtard-Info.plist */ = {isa = PBXFileReference; lastKnownFileType = text.plist.xml; path = "jamtard-Info.plist"; sourceTree = "<group>"; };
		35583A36151A5661001A338C /* en */ = {isa = PBXFileReference; lastKnownFileType = text.plist.strings; name = en; path = en.lproj/InfoPlist.strings; sourceTree = "<group>"; };
		35583A38151A5661001A338C /* main.m */ = {isa = PBXFileReference; lastKnownFileType = sourcecode.c.objc; path = main.m; sourceTree = "<group>"; };
		35583A3A151A5661001A338C /* jamtard-Prefix.pch */ = {isa = PBXFileReference; lastKnownFileType = sourcecode.c.h; path = "jamtard-Prefix.pch"; sourceTree = "<group>"; };
		35583A3C151A5661001A338C /* en */ = {isa = PBXFileReference; lastKnownFileType = text.rtf; name = en; path = en.lproj/Credits.rtf; sourceTree = "<group>"; };
		35583A3E151A5661001A338C /* CLAppDelegate.h */ = {isa = PBXFileReference; lastKnownFileType = sourcecode.c.h; path = CLAppDelegate.h; sourceTree = "<group>"; };
		35583A3F151A5661001A338C /* CLAppDelegate.m */ = {isa = PBXFileReference; lastKnownFileType = sourcecode.c.objc; path = CLAppDelegate.m; sourceTree = "<group>"; };
		35583A42151A5661001A338C /* en */ = {isa = PBXFileReference; lastKnownFileType = file.xib; name = en; path = en.lproj/MainMenu.xib; sourceTree = "<group>"; };
		35583A49151A56B8001A338C /* CLImageView.h */ = {isa = PBXFileReference; fileEncoding = 4; lastKnownFileType = sourcecode.c.h; path = CLImageView.h; sourceTree = "<group>"; };
		35583A4A151A56B8001A338C /* CLImageView.m */ = {isa = PBXFileReference; fileEncoding = 4; lastKnownFileType = sourcecode.c.objc; path = CLImageView.m; sourceTree = "<group>"; };
		35583A4C151A5780001A338C /* robot.jpg */ = {isa = PBXFileReference; lastKnownFileType = image.jpeg; path = robot.jpg; sourceTree = "<group>"; };
		35583A4E151A5E69001A338C /* CLScreenCapture.h */ = {isa = PBXFileReference; fileEncoding = 4; lastKnownFileType = sourcecode.c.h; path = CLScreenCapture.h; sourceTree = "<group>"; };
		35583A4F151A5E69001A338C /* CLScreenCapture.m */ = {isa = PBXFileReference; fileEncoding = 4; lastKnownFileType = sourcecode.c.objc; path = CLScreenCapture.m; sourceTree = "<group>"; };
/* End PBXFileReference section */

/* Begin PBXFrameworksBuildPhase section */
		35583A25151A5661001A338C /* Frameworks */ = {
			isa = PBXFrameworksBuildPhase;
			buildActionMask = 2147483647;
			files = (
				35583A2D151A5661001A338C /* Cocoa.framework in Frameworks */,
			);
			runOnlyForDeploymentPostprocessing = 0;
		};
/* End PBXFrameworksBuildPhase section */

/* Begin PBXGroup section */
		35583A1D151A5661001A338C = {
			isa = PBXGroup;
			children = (
				35583A32151A5661001A338C /* jamtard */,
				35583A2B151A5661001A338C /* Frameworks */,
				35583A29151A5661001A338C /* Products */,
			);
			sourceTree = "<group>";
		};
		35583A29151A5661001A338C /* Products */ = {
			isa = PBXGroup;
			children = (
				35583A28151A5661001A338C /* jamtard.app */,
			);
			name = Products;
			sourceTree = "<group>";
		};
		35583A2B151A5661001A338C /* Frameworks */ = {
			isa = PBXGroup;
			children = (
				35583A2C151A5661001A338C /* Cocoa.framework */,
				35583A2E151A5661001A338C /* Other Frameworks */,
			);
			name = Frameworks;
			sourceTree = "<group>";
		};
		35583A2E151A5661001A338C /* Other Frameworks */ = {
			isa = PBXGroup;
			children = (
				35583A2F151A5661001A338C /* AppKit.framework */,
				35583A30151A5661001A338C /* CoreData.framework */,
				35583A31151A5661001A338C /* Foundation.framework */,
			);
			name = "Other Frameworks";
			sourceTree = "<group>";
		};
		35583A32151A5661001A338C /* jamtard */ = {
			isa = PBXGroup;
			children = (
				35583A3E151A5661001A338C /* CLAppDelegate.h */,
				35583A3F151A5661001A338C /* CLAppDelegate.m */,
				35583A41151A5661001A338C /* MainMenu.xib */,
				35583A33151A5661001A338C /* Supporting Files */,
				35583A49151A56B8001A338C /* CLImageView.h */,
				35583A4A151A56B8001A338C /* CLImageView.m */,
				35583A4E151A5E69001A338C /* CLScreenCapture.h */,
				35583A4F151A5E69001A338C /* CLScreenCapture.m */,
			);
			path = jamtard;
			sourceTree = "<group>";
		};
		35583A33151A5661001A338C /* Supporting Files */ = {
			isa = PBXGroup;
			children = (
				35583A4C151A5780001A338C /* robot.jpg */,
				35583A34151A5661001A338C /* jamtard-Info.plist */,
				35583A35151A5661001A338C /* InfoPlist.strings */,
				35583A38151A5661001A338C /* main.m */,
				35583A3A151A5661001A338C /* jamtard-Prefix.pch */,
				35583A3B151A5661001A338C /* Credits.rtf */,
			);
			name = "Supporting Files";
			sourceTree = "<group>";
		};
/* End PBXGroup section */

/* Begin PBXNativeTarget section */
		35583A27151A5661001A338C /* jamtard */ = {
			isa = PBXNativeTarget;
			buildConfigurationList = 35583A46151A5661001A338C /* Build configuration list for PBXNativeTarget "jamtard" */;
			buildPhases = (
				35583A24151A5661001A338C /* Sources */,
				35583A25151A5661001A338C /* Frameworks */,
				35583A26151A5661001A338C /* Resources */,
			);
			buildRules = (
			);
			dependencies = (
			);
			name = jamtard;
			productName = jamtard;
			productReference = 35583A28151A5661001A338C /* jamtard.app */;
			productType = "com.apple.product-type.application";
		};
/* End PBXNativeTarget section */

/* Begin PBXProject section */
		35583A1F151A5661001A338C /* Project object */ = {
			isa = PBXProject;
			attributes = {
				CLASSPREFIX = CL;
				LastUpgradeCheck = 0430;
				ORGANIZATIONNAME = Clawfield;
			};
			buildConfigurationList = 35583A22151A5661001A338C /* Build configuration list for PBXProject "jamtard" */;
			compatibilityVersion = "Xcode 3.2";
			developmentRegion = English;
			hasScannedForEncodings = 0;
			knownRegions = (
				en,
			);
			mainGroup = 35583A1D151A5661001A338C;
			productRefGroup = 35583A29151A5661001A338C /* Products */;
			projectDirPath = "";
			projectRoot = "";
			targets = (
				35583A27151A5661001A338C /* jamtard */,
			);
		};
/* End PBXProject section */

/* Begin PBXResourcesBuildPhase section */
		35583A26151A5661001A338C /* Resources */ = {
			isa = PBXResourcesBuildPhase;
			buildActionMask = 2147483647;
			files = (
				35583A37151A5661001A338C /* InfoPlist.strings in Resources */,
				35583A3D151A5661001A338C /* Credits.rtf in Resources */,
				35583A43151A5661001A338C /* MainMenu.xib in Resources */,
				35583A4D151A5780001A338C /* robot.jpg in Resources */,
			);
			runOnlyForDeploymentPostprocessing = 0;
		};
/* End PBXResourcesBuildPhase section */

/* Begin PBXSourcesBuildPhase section */
		35583A24151A5661001A338C /* Sources */ = {
			isa = PBXSourcesBuildPhase;
			buildActionMask = 2147483647;
			files = (
				35583A39151A5661001A338C /* main.m in Sources */,
				35583A40151A5661001A338C /* CLAppDelegate.m in Sources */,
				35583A4B151A56B8001A338C /* CLImageView.m in Sources */,
				35583A50151A5E69001A338C /* CLScreenCapture.m in Sources */,
			);
			runOnlyForDeploymentPostprocessing = 0;
		};
/* End PBXSourcesBuildPhase section */

/* Begin PBXVariantGroup section */
		35583A35151A5661001A338C /* InfoPlist.strings */ = {
			isa = PBXVariantGroup;
			children = (
				35583A36151A5661001A338C /* en */,
			);
			name = InfoPlist.strings;
			sourceTree = "<group>";
		};
		35583A3B151A5661001A338C /* Credits.rtf */ = {
			isa = PBXVariantGroup;
			children = (
				35583A3C151A5661001A338C /* en */,
			);
			name = Credits.rtf;
			sourceTree = "<group>";
		};
		35583A41151A5661001A338C /* MainMenu.xib */ = {
			isa = PBXVariantGroup;
			children = (
				35583A42151A5661001A338C /* en */,
			);
			name = MainMenu.xib;
			sourceTree = "<group>";
		};
/* End PBXVariantGroup section */

/* Begin XCBuildConfiguration section */
		35583A44151A5661001A338C /* Debug */ = {
			isa = XCBuildConfiguration;
			buildSettings = {
				ALWAYS_SEARCH_USER_PATHS = NO;
				ARCHS = "$(ARCHS_STANDARD_64_BIT)";
				CLANG_ENABLE_OBJC_ARC = YES;
				COPY_PHASE_STRIP = NO;
				GCC_C_LANGUAGE_STANDARD = gnu99;
				GCC_DYNAMIC_NO_PIC = NO;
				GCC_ENABLE_OBJC_EXCEPTIONS = YES;
				GCC_OPTIMIZATION_LEVEL = 0;
				GCC_PREPROCESSOR_DEFINITIONS = (
					"DEBUG=1",
					"$(inherited)",
				);
				GCC_SYMBOLS_PRIVATE_EXTERN = NO;
				GCC_VERSION = com.apple.compilers.llvm.clang.1_0;
				GCC_WARN_64_TO_32_BIT_CONVERSION = YES;
				GCC_WARN_ABOUT_RETURN_TYPE = YES;
				GCC_WARN_UNINITIALIZED_AUTOS = YES;
				GCC_WARN_UNUSED_VARIABLE = YES;
				MACOSX_DEPLOYMENT_TARGET = 10.7;
				ONLY_ACTIVE_ARCH = YES;
				SDKROOT = macosx;
			};
			name = Debug;
		};
		35583A45151A5661001A338C /* Release */ = {
			isa = XCBuildConfiguration;
			buildSettings = {
				ALWAYS_SEARCH_USER_PATHS = NO;
				ARCHS = "$(ARCHS_STANDARD_64_BIT)";
				CLANG_ENABLE_OBJC_ARC = YES;
				COPY_PHASE_STRIP = YES;
				DEBUG_INFORMATION_FORMAT = "dwarf-with-dsym";
				GCC_C_LANGUAGE_STANDARD = gnu99;
				GCC_ENABLE_OBJC_EXCEPTIONS = YES;
				GCC_VERSION = com.apple.compilers.llvm.clang.1_0;
				GCC_WARN_64_TO_32_BIT_CONVERSION = YES;
				GCC_WARN_ABOUT_RETURN_TYPE = YES;
				GCC_WARN_UNINITIALIZED_AUTOS = YES;
				GCC_WARN_UNUSED_VARIABLE = YES;
				MACOSX_DEPLOYMENT_TARGET = 10.7;
				SDKROOT = macosx;
			};
			name = Release;
		};
		35583A47151A5661001A338C /* Debug */ = {
			isa = XCBuildConfiguration;
			buildSettings = {
				GCC_PRECOMPILE_PREFIX_HEADER = YES;
				GCC_PREFIX_HEADER = "jamtard/jamtard-Prefix.pch";
				INFOPLIST_FILE = "jamtard/jamtard-Info.plist";
				PRODUCT_NAME = "$(TARGET_NAME)";
				WRAPPER_EXTENSION = app;
			};
			name = Debug;
		};
		35583A48151A5661001A338C /* Release */ = {
			isa = XCBuildConfiguration;
			buildSettings = {
				GCC_PRECOMPILE_PREFIX_HEADER = YES;
				GCC_PREFIX_HEADER = "jamtard/jamtard-Prefix.pch";
				INFOPLIST_FILE = "jamtard/jamtard-Info.plist";
				PRODUCT_NAME = "$(TARGET_NAME)";
				WRAPPER_EXTENSION = app;
			};
			name = Release;
		};
/* End XCBuildConfiguration section */

/* Begin XCConfigurationList section */
		35583A22151A5661001A338C /* Build configuration list for PBXProject "jamtard" */ = {
			isa = XCConfigurationList;
			buildConfigurations = (
				35583A44151A5661001A338C /* Debug */,
				35583A45151A5661001A338C /* Release */,
			);
			defaultConfigurationIsVisible = 0;
			defaultConfigurationName = Release;
		};
		35583A46151A5661001A338C /* Build configuration list for PBXNativeTarget "jamtard" */ = {
			isa = XCConfigurationList;
			buildConfigurations = (
				35583A47151A5661001A338C /* Debug */,
				35583A48151A5661001A338C /* Release */,
			);
			defaultConfigurationIsVisible = 0;
		};
/* End XCConfigurationList section */
	};
	rootObject = 35583A1F151A5661001A338C /* Project object */;
}
